
Microsoft Visual Studio Solution File, Format Version 12.00
# Visual Studio Version 16
VisualStudioVersion = 16.0.31105.61
MinimumVisualStudioVersion = 10.0.40219.1
Project("{9A19103F-16F7-4668-BE54-9A1E7A4F7556}") = "MixerBL", "MixerBL\MixerBL.csproj", "{9AE05465-F637-45D1-801B-20AD79341E26}"
EndProject
Project("{9A19103F-16F7-4668-BE54-9A1E7A4F7556}") = "MixerDL", "MixerDL\MixerDL.csproj", "{AFAC2700-5B91-4E0E-A9A2-BAEF279AC110}"
EndProject
Project("{9A19103F-16F7-4668-BE54-9A1E7A4F7556}") = "MixerModels", "MixerModels\MixerModels.csproj", "{E04EC360-8C04-4767-A3F9-548020529B81}"
EndProject
Project("{9A19103F-16F7-4668-BE54-9A1E7A4F7556}") = "MixerTest", "MixerTest\MixerTest.csproj", "{2001E601-EEB1-4A59-B032-04ADB4F55B30}"
EndProject
Project("{FAE04EC0-301F-11D3-BF4B-00C04F79EFBC}") = "MixerREST", "MixerREST\MixerREST.csproj", "{4C29BCBB-5881-4F00-B34B-F8F29A01B7B3}"
EndProject
Global
	GlobalSection(SolutionConfigurationPlatforms) = preSolution
		Debug|Any CPU = Debug|Any CPU
		Release|Any CPU = Release|Any CPU
	EndGlobalSection
	GlobalSection(ProjectConfigurationPlatforms) = postSolution
		{9AE05465-F637-45D1-801B-20AD79341E26}.Debug|Any CPU.ActiveCfg = Debug|Any CPU
		{9AE05465-F637-45D1-801B-20AD79341E26}.Debug|Any CPU.Build.0 = Debug|Any CPU
		{9AE05465-F637-45D1-801B-20AD79341E26}.Release|Any CPU.ActiveCfg = Release|Any CPU
		{9AE05465-F637-45D1-801B-20AD79341E26}.Release|Any CPU.Build.0 = Release|Any CPU
		{AFAC2700-5B91-4E0E-A9A2-BAEF279AC110}.Debug|Any CPU.ActiveCfg = Debug|Any CPU
		{AFAC2700-5B91-4E0E-A9A2-BAEF279AC110}.Debug|Any CPU.Build.0 = Debug|Any CPU
		{AFAC2700-5B91-4E0E-A9A2-BAEF279AC110}.Release|Any CPU.ActiveCfg = Release|Any CPU
		{AFAC2700-5B91-4E0E-A9A2-BAEF279AC110}.Release|Any CPU.Build.0 = Release|Any CPU
		{E04EC360-8C04-4767-A3F9-548020529B81}.Debug|Any CPU.ActiveCfg = Debug|Any CPU
		{E04EC360-8C04-4767-A3F9-548020529B81}.Debug|Any CPU.Build.0 = Debug|Any CPU
		{E04EC360-8C04-4767-A3F9-548020529B81}.Release|Any CPU.ActiveCfg = Release|Any CPU
		{E04EC360-8C04-4767-A3F9-548020529B81}.Release|Any CPU.Build.0 = Release|Any CPU
		{2001E601-EEB1-4A59-B032-04ADB4F55B30}.Debug|Any CPU.ActiveCfg = Debug|Any CPU
		{2001E601-EEB1-4A59-B032-04ADB4F55B30}.Debug|Any CPU.Build.0 = Debug|Any CPU
		{2001E601-EEB1-4A59-B032-04ADB4F55B30}.Release|Any CPU.ActiveCfg = Release|Any CPU
		{2001E601-EEB1-4A59-B032-04ADB4F55B30}.Release|Any CPU.Build.0 = Release|Any CPU
		{4C29BCBB-5881-4F00-B34B-F8F29A01B7B3}.Debug|Any CPU.ActiveCfg = Debug|Any CPU
		{4C29BCBB-5881-4F00-B34B-F8F29A01B7B3}.Debug|Any CPU.Build.0 = Debug|Any CPU
		{4C29BCBB-5881-4F00-B34B-F8F29A01B7B3}.Release|Any CPU.ActiveCfg = Release|Any CPU
		{4C29BCBB-5881-4F00-B34B-F8F29A01B7B3}.Release|Any CPU.Build.0 = Release|Any CPU
	EndGlobalSection
	GlobalSection(SolutionProperties) = preSolution
		HideSolutionNode = FALSE
	EndGlobalSection
	GlobalSection(ExtensibilityGlobals) = postSolution
		SolutionGuid = {2B56AC87-FF7D-48D3-964F-3F18626CD073}
	EndGlobalSection
EndGlobal
